
Microsoft Visual Studio Solution File, Format Version 12.00
# Visual Studio Version 17
VisualStudioVersion = 17.6.33815.320
MinimumVisualStudioVersion = 10.0.40219.1
Project("{FAE04EC0-301F-11D3-BF4B-00C04F79EFBC}") = "DOTNET168_GR01", "DOTNET168_GR01\DOTNET168_GR01.csproj", "{8E7712D3-31B4-44F3-849E-DE50DFF85C93}"
EndProject
Global
	GlobalSection(SolutionConfigurationPlatforms) = preSolution
		Debug|Any CPU = Debug|Any CPU
		Release|Any CPU = Release|Any CPU
	EndGlobalSection
	GlobalSection(ProjectConfigurationPlatforms) = postSolution
		{8E7712D3-31B4-44F3-849E-DE50DFF85C93}.Debug|Any CPU.ActiveCfg = Debug|Any CPU
		{8E7712D3-31B4-44F3-849E-DE50DFF85C93}.Debug|Any CPU.Build.0 = Debug|Any CPU
		{8E7712D3-31B4-44F3-849E-DE50DFF85C93}.Release|Any CPU.ActiveCfg = Release|Any CPU
		{8E7712D3-31B4-44F3-849E-DE50DFF85C93}.Release|Any CPU.Build.0 = Release|Any CPU
	EndGlobalSection
	GlobalSection(SolutionProperties) = preSolution
		HideSolutionNode = FALSE
	EndGlobalSection
	GlobalSection(ExtensibilityGlobals) = postSolution
		SolutionGuid = {6A3E227A-7458-42DD-B40E-BF5525CE734D}
	EndGlobalSection
EndGlobal
